
Microsoft Visual Studio Solution File, Format Version 12.00
# Visual Studio Version 17
VisualStudioVersion = 17.2.32616.157
MinimumVisualStudioVersion = 10.0.40219.1
Project("{FAE04EC0-301F-11D3-BF4B-00C04F79EFBC}") = "ConsoleBmi", "ConsoleBmi\ConsoleBmi.csproj", "{D6D2762B-604B-4951-9F09-FD2ADBF61A2F}"
EndProject
Project("{FAE04EC0-301F-11D3-BF4B-00C04F79EFBC}") = "WpfBmi", "WpfBmi\WpfBmi.csproj", "{5356FFD4-B2AB-4744-B00E-B3688055ACE4}"
EndProject
Project("{2150E333-8FDC-42A3-9474-1A3956D46DE8}") = "Solution Items", "Solution Items", "{A601BC5C-5CF8-43B6-B1C8-8F3103E34920}"
	ProjectSection(SolutionItems) = preProject
		..\..\..\SCHOOL\.editorconfig = ..\..\..\SCHOOL\.editorconfig
	EndProjectSection
EndProject
Project("{FAE04EC0-301F-11D3-BF4B-00C04F79EFBC}") = "ConsoleSeconden", "ConsoleSeconden\ConsoleSeconden.csproj", "{6CCFC1C8-0D4D-447C-B4AC-7C9C3453D0D8}"
EndProject
Project("{FAE04EC0-301F-11D3-BF4B-00C04F79EFBC}") = "ConsoleBuffet", "ConsoleBuffet\ConsoleBuffet.csproj", "{B13C11B3-7B8B-4886-B9FB-2CF42A8624CD}"
EndProject
Global
	GlobalSection(SolutionConfigurationPlatforms) = preSolution
		Debug|Any CPU = Debug|Any CPU
		Release|Any CPU = Release|Any CPU
	EndGlobalSection
	GlobalSection(ProjectConfigurationPlatforms) = postSolution
		{D6D2762B-604B-4951-9F09-FD2ADBF61A2F}.Debug|Any CPU.ActiveCfg = Debug|Any CPU
		{D6D2762B-604B-4951-9F09-FD2ADBF61A2F}.Debug|Any CPU.Build.0 = Debug|Any CPU
		{D6D2762B-604B-4951-9F09-FD2ADBF61A2F}.Release|Any CPU.ActiveCfg = Release|Any CPU
		{D6D2762B-604B-4951-9F09-FD2ADBF61A2F}.Release|Any CPU.Build.0 = Release|Any CPU
		{5356FFD4-B2AB-4744-B00E-B3688055ACE4}.Debug|Any CPU.ActiveCfg = Debug|Any CPU
		{5356FFD4-B2AB-4744-B00E-B3688055ACE4}.Debug|Any CPU.Build.0 = Debug|Any CPU
		{5356FFD4-B2AB-4744-B00E-B3688055ACE4}.Release|Any CPU.ActiveCfg = Release|Any CPU
		{5356FFD4-B2AB-4744-B00E-B3688055ACE4}.Release|Any CPU.Build.0 = Release|Any CPU
		{6CCFC1C8-0D4D-447C-B4AC-7C9C3453D0D8}.Debug|Any CPU.ActiveCfg = Debug|Any CPU
		{6CCFC1C8-0D4D-447C-B4AC-7C9C3453D0D8}.Debug|Any CPU.Build.0 = Debug|Any CPU
		{6CCFC1C8-0D4D-447C-B4AC-7C9C3453D0D8}.Release|Any CPU.ActiveCfg = Release|Any CPU
		{6CCFC1C8-0D4D-447C-B4AC-7C9C3453D0D8}.Release|Any CPU.Build.0 = Release|Any CPU
		{B13C11B3-7B8B-4886-B9FB-2CF42A8624CD}.Debug|Any CPU.ActiveCfg = Debug|Any CPU
		{B13C11B3-7B8B-4886-B9FB-2CF42A8624CD}.Debug|Any CPU.Build.0 = Debug|Any CPU
		{B13C11B3-7B8B-4886-B9FB-2CF42A8624CD}.Release|Any CPU.ActiveCfg = Release|Any CPU
		{B13C11B3-7B8B-4886-B9FB-2CF42A8624CD}.Release|Any CPU.Build.0 = Release|Any CPU
	EndGlobalSection
	GlobalSection(SolutionProperties) = preSolution
		HideSolutionNode = FALSE
	EndGlobalSection
	GlobalSection(ExtensibilityGlobals) = postSolution
		SolutionGuid = {05181598-B464-4476-AC8F-D17F4D5B1884}
	EndGlobalSection
EndGlobal
