
Microsoft Visual Studio Solution File, Format Version 12.00
# Visual Studio Version 17
VisualStudioVersion = 17.2.32616.157
MinimumVisualStudioVersion = 10.0.40219.1
Project("{2150E333-8FDC-42A3-9474-1A3956D46DE8}") = "Solution Items", "Solution Items", "{D6403099-7917-4373-936B-3985F1B0F3FD}"
	ProjectSection(SolutionItems) = preProject
		..\..\..\SCHOOL\.editorconfig = ..\..\..\SCHOOL\.editorconfig
	EndProjectSection
EndProject
Project("{FAE04EC0-301F-11D3-BF4B-00C04F79EFBC}") = "WpfSliderKleur", "WpfSliderKleur\WpfSliderKleur.csproj", "{B14ADDF2-A480-415B-A8F2-8DC107FD4EAA}"
EndProject
Project("{FAE04EC0-301F-11D3-BF4B-00C04F79EFBC}") = "WpfRaden", "WpfRaden\WpfRaden.csproj", "{EBAE9BD1-5C0F-4FCB-8546-097D096CBB10}"
EndProject
Project("{FAE04EC0-301F-11D3-BF4B-00C04F79EFBC}") = "consoleRaden", "consoleRaden\consoleRaden.csproj", "{F9B6C0D5-E3D2-4D25-9E88-B3D6F549A8A9}"
EndProject
Project("{FAE04EC0-301F-11D3-BF4B-00C04F79EFBC}") = "WpfBieden", "WpfBieden\WpfBieden.csproj", "{9B700824-F46F-4573-AF87-33E1267AD6BF}"
EndProject
Project("{FAE04EC0-301F-11D3-BF4B-00C04F79EFBC}") = "WpfFormChecking", "WpfFormChecking\WpfFormChecking.csproj", "{7B703D44-DA2A-4B55-9F3B-1175BD11F759}"
EndProject
Project("{FAE04EC0-301F-11D3-BF4B-00C04F79EFBC}") = "ConsoleBestelling", "ConsoleBestelling\ConsoleBestelling.csproj", "{A7D80E2C-CE89-47F6-95C0-554C7B365F16}"
EndProject
Project("{FAE04EC0-301F-11D3-BF4B-00C04F79EFBC}") = "ConsoleEindcijfer", "ConsoleEindcijfer\ConsoleEindcijfer.csproj", "{8D505A92-70C8-41DB-850C-1F2D8A11F998}"
EndProject
Global
	GlobalSection(SolutionConfigurationPlatforms) = preSolution
		Debug|Any CPU = Debug|Any CPU
		Release|Any CPU = Release|Any CPU
	EndGlobalSection
	GlobalSection(ProjectConfigurationPlatforms) = postSolution
		{B14ADDF2-A480-415B-A8F2-8DC107FD4EAA}.Debug|Any CPU.ActiveCfg = Debug|Any CPU
		{B14ADDF2-A480-415B-A8F2-8DC107FD4EAA}.Debug|Any CPU.Build.0 = Debug|Any CPU
		{B14ADDF2-A480-415B-A8F2-8DC107FD4EAA}.Release|Any CPU.ActiveCfg = Release|Any CPU
		{B14ADDF2-A480-415B-A8F2-8DC107FD4EAA}.Release|Any CPU.Build.0 = Release|Any CPU
		{EBAE9BD1-5C0F-4FCB-8546-097D096CBB10}.Debug|Any CPU.ActiveCfg = Debug|Any CPU
		{EBAE9BD1-5C0F-4FCB-8546-097D096CBB10}.Debug|Any CPU.Build.0 = Debug|Any CPU
		{EBAE9BD1-5C0F-4FCB-8546-097D096CBB10}.Release|Any CPU.ActiveCfg = Release|Any CPU
		{EBAE9BD1-5C0F-4FCB-8546-097D096CBB10}.Release|Any CPU.Build.0 = Release|Any CPU
		{F9B6C0D5-E3D2-4D25-9E88-B3D6F549A8A9}.Debug|Any CPU.ActiveCfg = Debug|Any CPU
		{F9B6C0D5-E3D2-4D25-9E88-B3D6F549A8A9}.Debug|Any CPU.Build.0 = Debug|Any CPU
		{F9B6C0D5-E3D2-4D25-9E88-B3D6F549A8A9}.Release|Any CPU.ActiveCfg = Release|Any CPU
		{F9B6C0D5-E3D2-4D25-9E88-B3D6F549A8A9}.Release|Any CPU.Build.0 = Release|Any CPU
		{9B700824-F46F-4573-AF87-33E1267AD6BF}.Debug|Any CPU.ActiveCfg = Debug|Any CPU
		{9B700824-F46F-4573-AF87-33E1267AD6BF}.Debug|Any CPU.Build.0 = Debug|Any CPU
		{9B700824-F46F-4573-AF87-33E1267AD6BF}.Release|Any CPU.ActiveCfg = Release|Any CPU
		{9B700824-F46F-4573-AF87-33E1267AD6BF}.Release|Any CPU.Build.0 = Release|Any CPU
		{7B703D44-DA2A-4B55-9F3B-1175BD11F759}.Debug|Any CPU.ActiveCfg = Debug|Any CPU
		{7B703D44-DA2A-4B55-9F3B-1175BD11F759}.Debug|Any CPU.Build.0 = Debug|Any CPU
		{7B703D44-DA2A-4B55-9F3B-1175BD11F759}.Release|Any CPU.ActiveCfg = Release|Any CPU
		{7B703D44-DA2A-4B55-9F3B-1175BD11F759}.Release|Any CPU.Build.0 = Release|Any CPU
		{A7D80E2C-CE89-47F6-95C0-554C7B365F16}.Debug|Any CPU.ActiveCfg = Debug|Any CPU
		{A7D80E2C-CE89-47F6-95C0-554C7B365F16}.Debug|Any CPU.Build.0 = Debug|Any CPU
		{A7D80E2C-CE89-47F6-95C0-554C7B365F16}.Release|Any CPU.ActiveCfg = Release|Any CPU
		{A7D80E2C-CE89-47F6-95C0-554C7B365F16}.Release|Any CPU.Build.0 = Release|Any CPU
		{8D505A92-70C8-41DB-850C-1F2D8A11F998}.Debug|Any CPU.ActiveCfg = Debug|Any CPU
		{8D505A92-70C8-41DB-850C-1F2D8A11F998}.Debug|Any CPU.Build.0 = Debug|Any CPU
		{8D505A92-70C8-41DB-850C-1F2D8A11F998}.Release|Any CPU.ActiveCfg = Release|Any CPU
		{8D505A92-70C8-41DB-850C-1F2D8A11F998}.Release|Any CPU.Build.0 = Release|Any CPU
	EndGlobalSection
	GlobalSection(SolutionProperties) = preSolution
		HideSolutionNode = FALSE
	EndGlobalSection
	GlobalSection(ExtensibilityGlobals) = postSolution
		SolutionGuid = {D81686E6-89BD-4A14-8147-1EC0689AB941}
	EndGlobalSection
EndGlobal
