
Microsoft Visual Studio Solution File, Format Version 12.00
# Visual Studio Version 17
VisualStudioVersion = 17.2.32616.157
MinimumVisualStudioVersion = 10.0.40219.1
Project("{2150E333-8FDC-42A3-9474-1A3956D46DE8}") = "Solution Items", "Solution Items", "{DBF157EA-894E-4AB8-AE4A-A79F7EA593DD}"
	ProjectSection(SolutionItems) = preProject
		.editorconfig = .editorconfig
	EndProjectSection
EndProject
Project("{FAE04EC0-301F-11D3-BF4B-00C04F79EFBC}") = "ConsoleHalloWereld", "ConsoleHalloWereld\ConsoleHalloWereld.csproj", "{B218D466-5CC9-4438-B171-6BB3DD606E92}"
EndProject
Project("{FAE04EC0-301F-11D3-BF4B-00C04F79EFBC}") = "ConsoleGedicht", "ConsoleGedicht\ConsoleGedicht.csproj", "{526A7B41-11E9-4AF5-AEF3-F96A2C82BE7E}"
EndProject
Project("{FAE04EC0-301F-11D3-BF4B-00C04F79EFBC}") = "ConsoleAsciiArt", "ConsoleAsciiArt\ConsoleAsciiArt.csproj", "{0804096D-2208-46B6-B510-266921FDD6F2}"
EndProject
Project("{FAE04EC0-301F-11D3-BF4B-00C04F79EFBC}") = "ConsoleGreenHouse", "ConsoleGreenHouse\ConsoleGreenHouse.csproj", "{68F5A7F4-A518-44B3-A916-BF1571C23D84}"
EndProject
Project("{FAE04EC0-301F-11D3-BF4B-00C04F79EFBC}") = "WpfHalloWereld", "WpfHalloWereld\WpfHalloWereld.csproj", "{2CD7FB6D-E621-406A-B106-1DF502A98941}"
EndProject
Global
	GlobalSection(SolutionConfigurationPlatforms) = preSolution
		Debug|Any CPU = Debug|Any CPU
		Release|Any CPU = Release|Any CPU
	EndGlobalSection
	GlobalSection(ProjectConfigurationPlatforms) = postSolution
		{B218D466-5CC9-4438-B171-6BB3DD606E92}.Debug|Any CPU.ActiveCfg = Debug|Any CPU
		{B218D466-5CC9-4438-B171-6BB3DD606E92}.Debug|Any CPU.Build.0 = Debug|Any CPU
		{B218D466-5CC9-4438-B171-6BB3DD606E92}.Release|Any CPU.ActiveCfg = Release|Any CPU
		{B218D466-5CC9-4438-B171-6BB3DD606E92}.Release|Any CPU.Build.0 = Release|Any CPU
		{526A7B41-11E9-4AF5-AEF3-F96A2C82BE7E}.Debug|Any CPU.ActiveCfg = Debug|Any CPU
		{526A7B41-11E9-4AF5-AEF3-F96A2C82BE7E}.Debug|Any CPU.Build.0 = Debug|Any CPU
		{526A7B41-11E9-4AF5-AEF3-F96A2C82BE7E}.Release|Any CPU.ActiveCfg = Release|Any CPU
		{526A7B41-11E9-4AF5-AEF3-F96A2C82BE7E}.Release|Any CPU.Build.0 = Release|Any CPU
		{0804096D-2208-46B6-B510-266921FDD6F2}.Debug|Any CPU.ActiveCfg = Debug|Any CPU
		{0804096D-2208-46B6-B510-266921FDD6F2}.Debug|Any CPU.Build.0 = Debug|Any CPU
		{0804096D-2208-46B6-B510-266921FDD6F2}.Release|Any CPU.ActiveCfg = Release|Any CPU
		{0804096D-2208-46B6-B510-266921FDD6F2}.Release|Any CPU.Build.0 = Release|Any CPU
		{68F5A7F4-A518-44B3-A916-BF1571C23D84}.Debug|Any CPU.ActiveCfg = Debug|Any CPU
		{68F5A7F4-A518-44B3-A916-BF1571C23D84}.Debug|Any CPU.Build.0 = Debug|Any CPU
		{68F5A7F4-A518-44B3-A916-BF1571C23D84}.Release|Any CPU.ActiveCfg = Release|Any CPU
		{68F5A7F4-A518-44B3-A916-BF1571C23D84}.Release|Any CPU.Build.0 = Release|Any CPU
		{2CD7FB6D-E621-406A-B106-1DF502A98941}.Debug|Any CPU.ActiveCfg = Debug|Any CPU
		{2CD7FB6D-E621-406A-B106-1DF502A98941}.Debug|Any CPU.Build.0 = Debug|Any CPU
		{2CD7FB6D-E621-406A-B106-1DF502A98941}.Release|Any CPU.ActiveCfg = Release|Any CPU
		{2CD7FB6D-E621-406A-B106-1DF502A98941}.Release|Any CPU.Build.0 = Release|Any CPU
	EndGlobalSection
	GlobalSection(SolutionProperties) = preSolution
		HideSolutionNode = FALSE
	EndGlobalSection
	GlobalSection(ExtensibilityGlobals) = postSolution
		SolutionGuid = {DE454021-DA36-4E27-9771-F635CEE713FA}
	EndGlobalSection
EndGlobal
